
Microsoft Visual Studio Solution File, Format Version 12.00
# Visual Studio 15
VisualStudioVersion = 15.0.26730.16
MinimumVisualStudioVersion = 10.0.40219.1
Project("{FAE04EC0-301F-11D3-BF4B-00C04F79EFBC}") = "ComicBookGallery", "ComicBookGallery\ComicBookGallery.csproj", "{C60C7CD8-11D3-4CD6-8E64-DDA30FF8F695}"
EndProject
Global
	GlobalSection(SolutionConfigurationPlatforms) = preSolution
		Debug|Any CPU = Debug|Any CPU
		Release|Any CPU = Release|Any CPU
	EndGlobalSection
	GlobalSection(ProjectConfigurationPlatforms) = postSolution
		{C60C7CD8-11D3-4CD6-8E64-DDA30FF8F695}.Debug|Any CPU.ActiveCfg = Debug|Any CPU
		{C60C7CD8-11D3-4CD6-8E64-DDA30FF8F695}.Debug|Any CPU.Build.0 = Debug|Any CPU
		{C60C7CD8-11D3-4CD6-8E64-DDA30FF8F695}.Release|Any CPU.ActiveCfg = Release|Any CPU
		{C60C7CD8-11D3-4CD6-8E64-DDA30FF8F695}.Release|Any CPU.Build.0 = Release|Any CPU
	EndGlobalSection
	GlobalSection(SolutionProperties) = preSolution
		HideSolutionNode = FALSE
	EndGlobalSection
	GlobalSection(ExtensibilityGlobals) = postSolution
		SolutionGuid = {060B43A7-5F6D-46D7-84F2-1982F735D23F}
	EndGlobalSection
EndGlobal
